{
  "version": 4,
  "terraform_version": "1.5.3",
  "serial": 13,
  "lineage": "9b62cf41-2fd6-39aa-3fb4-f5ea5086723c",
  "outputs": {},
  "resources": [
    {
      "mode": "data",
      "type": "azurerm_client_config",
      "name": "current",
      "provider": "provider[\"registry.terraform.io/hashicorp/azurerm\"]",
      "instances": [
        {
          "schema_version": 0,
          "attributes": {
            "client_id": "04b07795-8ddb-461a-bbee-02f9e1bf7b46",
            "id": "2023-07-22 17:39:37.505083 +0000 UTC",
            "object_id": "",
            "subscription_id": "b03a62fd-df3a-4a8f-b747-403154c36630",
            "tenant_id": "e26666fd-a875-4064-b4ca-775ea917529a",
            "timeouts": null
          },
          "sensitive_attributes": []
        }
      ]
    },
    {
      "mode": "managed",
      "type": "azurerm_eventhub",
      "name": "eventhub-poc1",
      "provider": "provider[\"registry.terraform.io/hashicorp/azurerm\"]",
      "instances": [
        {
          "schema_version": 0,
          "attributes": {
            "capture_description": [],
            "id": "/subscriptions/b03a62fd-df3a-4a8f-b747-403154c36630/resourceGroups/event-hub-poc-rg/providers/Microsoft.EventHub/namespaces/eventhub-da-poc/eventhubs/eventhub-poc1",
            "message_retention": 1,
            "name": "eventhub-poc1",
            "namespace_name": "eventhub-da-poc",
            "partition_count": 2,
            "partition_ids": [
              "0",
              "1"
            ],
            "resource_group_name": "event-hub-poc-rg",
            "status": "Active",
            "timeouts": null
          },
          "sensitive_attributes": [],
          "private": "eyJlMmJmYjczMC1lY2FhLTExZTYtOGY4OC0zNDM2M2JjN2M0YzAiOnsiY3JlYXRlIjoxODAwMDAwMDAwMDAwLCJkZWxldGUiOjE4MDAwMDAwMDAwMDAsInJlYWQiOjMwMDAwMDAwMDAwMCwidXBkYXRlIjoxODAwMDAwMDAwMDAwfX0=",
          "dependencies": [
            "azurerm_eventhub_namespace.eventhub-namespace",
            "azurerm_resource_group.resource-group"
          ]
        }
      ]
    },
    {
      "mode": "managed",
      "type": "azurerm_eventhub_namespace",
      "name": "eventhub-namespace",
      "provider": "provider[\"registry.terraform.io/hashicorp/azurerm\"]",
      "instances": [
        {
          "schema_version": 0,
          "attributes": {
            "auto_inflate_enabled": false,
            "capacity": 2,
            "dedicated_cluster_id": "",
            "default_primary_connection_string": "Endpoint=sb://eventhub-da-poc.servicebus.windows.net/;SharedAccessKeyName=RootManageSharedAccessKey;SharedAccessKey=ok+UDQCiYUSmlQX+k34VfmI6XPOBOLjmr+AEhOb1ivg=",
            "default_primary_connection_string_alias": "",
            "default_primary_key": "ok+UDQCiYUSmlQX+k34VfmI6XPOBOLjmr+AEhOb1ivg=",
            "default_secondary_connection_string": "Endpoint=sb://eventhub-da-poc.servicebus.windows.net/;SharedAccessKeyName=RootManageSharedAccessKey;SharedAccessKey=K3YSsBx3fVjuhuvgCmhYfyUxxa6dH3k1y+AEhJkU1dw=",
            "default_secondary_connection_string_alias": "",
            "default_secondary_key": "K3YSsBx3fVjuhuvgCmhYfyUxxa6dH3k1y+AEhJkU1dw=",
            "id": "/subscriptions/b03a62fd-df3a-4a8f-b747-403154c36630/resourceGroups/event-hub-poc-rg/providers/Microsoft.EventHub/namespaces/eventhub-da-poc",
            "identity": [],
            "location": "westeurope",
            "maximum_throughput_units": 0,
            "name": "eventhub-da-poc",
            "network_rulesets": [
              {
                "default_action": "Deny",
                "ip_rule": [],
                "trusted_service_access_enabled": false,
                "virtual_network_rule": []
              }
            ],
            "resource_group_name": "event-hub-poc-rg",
            "sku": "Basic",
            "tags": {
              "ENV": "PoC",
              "created": "terraform",
              "project": "Azure Event Hub"
            },
            "timeouts": null,
            "zone_redundant": false
          },
          "sensitive_attributes": [],
          "private": "eyJlMmJmYjczMC1lY2FhLTExZTYtOGY4OC0zNDM2M2JjN2M0YzAiOnsiY3JlYXRlIjoxODAwMDAwMDAwMDAwLCJkZWxldGUiOjE4MDAwMDAwMDAwMDAsInJlYWQiOjMwMDAwMDAwMDAwMCwidXBkYXRlIjoxODAwMDAwMDAwMDAwfX0=",
          "dependencies": [
            "azurerm_resource_group.resource-group"
          ]
        }
      ]
    },
    {
      "mode": "managed",
      "type": "azurerm_resource_group",
      "name": "resource-group",
      "provider": "provider[\"registry.terraform.io/hashicorp/azurerm\"]",
      "instances": [
        {
          "schema_version": 0,
          "attributes": {
            "id": "/subscriptions/b03a62fd-df3a-4a8f-b747-403154c36630/resourceGroups/event-hub-poc-rg",
            "location": "westeurope",
            "name": "event-hub-poc-rg",
            "tags": {
              "ENV": "PoC",
              "created": "terraform",
              "project": "Azure Event Hub"
            },
            "timeouts": null
          },
          "sensitive_attributes": [],
          "private": "eyJlMmJmYjczMC1lY2FhLTExZTYtOGY4OC0zNDM2M2JjN2M0YzAiOnsiY3JlYXRlIjo1NDAwMDAwMDAwMDAwLCJkZWxldGUiOjU0MDAwMDAwMDAwMDAsInJlYWQiOjMwMDAwMDAwMDAwMCwidXBkYXRlIjo1NDAwMDAwMDAwMDAwfX0="
        }
      ]
    },
    {
      "mode": "managed",
      "type": "random_string",
      "name": "suffix",
      "provider": "provider[\"registry.terraform.io/hashicorp/random\"]",
      "instances": [
        {
          "schema_version": 2,
          "attributes": {
            "id": "52w",
            "keepers": null,
            "length": 3,
            "lower": true,
            "min_lower": 0,
            "min_numeric": 0,
            "min_special": 0,
            "min_upper": 0,
            "number": true,
            "numeric": true,
            "override_special": null,
            "result": "52w",
            "special": false,
            "upper": false
          },
          "sensitive_attributes": []
        }
      ]
    }
  ],
  "check_results": null
}
